// !$*UTF8*$!
{
	archiveVersion = 1;
	classes = {
	};
	objectVersion = 50;
	objects = {

/* Begin PBXBuildFile section */
		582DD62526B01B7F00EF4EF0 /* RegisterHome.swift in Sources */ = {isa = PBXBuildFile; fileRef = 582DD62426B01B7F00EF4EF0 /* RegisterHome.swift */; };
		5885DFA5269DCC810074E34F /* AppDelegate.swift in Sources */ = {isa = PBXBuildFile; fileRef = 5885DFA4269DCC810074E34F /* AppDelegate.swift */; };
		5885DFA7269DCC810074E34F /* SceneDelegate.swift in Sources */ = {isa = PBXBuildFile; fileRef = 5885DFA6269DCC810074E34F /* SceneDelegate.swift */; };
		5885DFA9269DCC810074E34F /* ViewController.swift in Sources */ = {isa = PBXBuildFile; fileRef = 5885DFA8269DCC810074E34F /* ViewController.swift */; };
		5885DFAC269DCC810074E34F /* Main.storyboard in Resources */ = {isa = PBXBuildFile; fileRef = 5885DFAA269DCC810074E34F /* Main.storyboard */; };
		5885DFAE269DCC8E0074E34F /* Assets.xcassets in Resources */ = {isa = PBXBuildFile; fileRef = 5885DFAD269DCC8E0074E34F /* Assets.xcassets */; };
		5885DFB1269DCC8E0074E34F /* LaunchScreen.storyboard in Resources */ = {isa = PBXBuildFile; fileRef = 5885DFAF269DCC8E0074E34F /* LaunchScreen.storyboard */; };
		5885DFBC269DCC8F0074E34F /* loginInterfaceTests.swift in Sources */ = {isa = PBXBuildFile; fileRef = 5885DFBB269DCC8F0074E34F /* loginInterfaceTests.swift */; };
		5885DFC7269DCC8F0074E34F /* loginInterfaceUITests.swift in Sources */ = {isa = PBXBuildFile; fileRef = 5885DFC6269DCC8F0074E34F /* loginInterfaceUITests.swift */; };
		5885DFD526A023B20074E34F /* Locatizable.strings in Resources */ = {isa = PBXBuildFile; fileRef = 5885DFD426A023B20074E34F /* Locatizable.strings */; };
/* End PBXBuildFile section */

/* Begin PBXContainerItemProxy section */
		5885DFB8269DCC8F0074E34F /* PBXContainerItemProxy */ = {
			isa = PBXContainerItemProxy;
			containerPortal = 5885DF99269DCC810074E34F /* Project object */;
			proxyType = 1;
			remoteGlobalIDString = 5885DFA0269DCC810074E34F;
			remoteInfo = loginInterface;
		};
		5885DFC3269DCC8F0074E34F /* PBXContainerItemProxy */ = {
			isa = PBXContainerItemProxy;
			containerPortal = 5885DF99269DCC810074E34F /* Project object */;
			proxyType = 1;
			remoteGlobalIDString = 5885DFA0269DCC810074E34F;
			remoteInfo = loginInterface;
		};
/* End PBXContainerItemProxy section */

/* Begin PBXFileReference section */
		582DD62426B01B7F00EF4EF0 /* RegisterHome.swift */ = {isa = PBXFileReference; lastKnownFileType = sourcecode.swift; path = RegisterHome.swift; sourceTree = "<group>"; };
		5885DFA1269DCC810074E34F /* loginInterface.app */ = {isa = PBXFileReference; explicitFileType = wrapper.application; includeInIndex = 0; path = loginInterface.app; sourceTree = BUILT_PRODUCTS_DIR; };
		5885DFA4269DCC810074E34F /* AppDelegate.swift */ = {isa = PBXFileReference; lastKnownFileType = sourcecode.swift; path = AppDelegate.swift; sourceTree = "<group>"; };
		5885DFA6269DCC810074E34F /* SceneDelegate.swift */ = {isa = PBXFileReference; lastKnownFileType = sourcecode.swift; path = SceneDelegate.swift; sourceTree = "<group>"; };
		5885DFA8269DCC810074E34F /* ViewController.swift */ = {isa = PBXFileReference; lastKnownFileType = sourcecode.swift; path = ViewController.swift; sourceTree = "<group>"; };
		5885DFAB269DCC810074E34F /* Base */ = {isa = PBXFileReference; lastKnownFileType = file.storyboard; name = Base; path = Base.lproj/Main.storyboard; sourceTree = "<group>"; };
		5885DFAD269DCC8E0074E34F /* Assets.xcassets */ = {isa = PBXFileReference; lastKnownFileType = folder.assetcatalog; path = Assets.xcassets; sourceTree = "<group>"; };
		5885DFB0269DCC8E0074E34F /* Base */ = {isa = PBXFileReference; lastKnownFileType = file.storyboard; name = Base; path = Base.lproj/LaunchScreen.storyboard; sourceTree = "<group>"; };
		5885DFB2269DCC8E0074E34F /* Info.plist */ = {isa = PBXFileReference; lastKnownFileType = text.plist.xml; path = Info.plist; sourceTree = "<group>"; };
		5885DFB7269DCC8F0074E34F /* loginInterfaceTests.xctest */ = {isa = PBXFileReference; explicitFileType = wrapper.cfbundle; includeInIndex = 0; path = loginInterfaceTests.xctest; sourceTree = BUILT_PRODUCTS_DIR; };
		5885DFBB269DCC8F0074E34F /* loginInterfaceTests.swift */ = {isa = PBXFileReference; lastKnownFileType = sourcecode.swift; path = loginInterfaceTests.swift; sourceTree = "<group>"; };
		5885DFBD269DCC8F0074E34F /* Info.plist */ = {isa = PBXFileReference; lastKnownFileType = text.plist.xml; path = Info.plist; sourceTree = "<group>"; };
		5885DFC2269DCC8F0074E34F /* loginInterfaceUITests.xctest */ = {isa = PBXFileReference; explicitFileType = wrapper.cfbundle; includeInIndex = 0; path = loginInterfaceUITests.xctest; sourceTree = BUILT_PRODUCTS_DIR; };
		5885DFC6269DCC8F0074E34F /* loginInterfaceUITests.swift */ = {isa = PBXFileReference; lastKnownFileType = sourcecode.swift; path = loginInterfaceUITests.swift; sourceTree = "<group>"; };
		5885DFC8269DCC8F0074E34F /* Info.plist */ = {isa = PBXFileReference; lastKnownFileType = text.plist.xml; path = Info.plist; sourceTree = "<group>"; };
		5885DFD426A023B20074E34F /* Locatizable.strings */ = {isa = PBXFileReference; lastKnownFileType = text.plist.strings; path = Locatizable.strings; sourceTree = "<group>"; };
		5885DFD626A023FF0074E34F /* ar */ = {isa = PBXFileReference; lastKnownFileType = text.plist.strings; name = ar; path = ar.lproj/Main.strings; sourceTree = "<group>"; };
		5885DFD726A023FF0074E34F /* ar */ = {isa = PBXFileReference; lastKnownFileType = text.plist.strings; name = ar; path = ar.lproj/LaunchScreen.strings; sourceTree = "<group>"; };
/* End PBXFileReference section */

/* Begin PBXFrameworksBuildPhase section */
		5885DF9E269DCC810074E34F /* Frameworks */ = {
			isa = PBXFrameworksBuildPhase;
			buildActionMask = 2147483647;
			files = (
			);
			runOnlyForDeploymentPostprocessing = 0;
		};
		5885DFB4269DCC8F0074E34F /* Frameworks */ = {
			isa = PBXFrameworksBuildPhase;
			buildActionMask = 2147483647;
			files = (
			);
			runOnlyForDeploymentPostprocessing = 0;
		};
		5885DFBF269DCC8F0074E34F /* Frameworks */ = {
			isa = PBXFrameworksBuildPhase;
			buildActionMask = 2147483647;
			files = (
			);
			runOnlyForDeploymentPostprocessing = 0;
		};
/* End PBXFrameworksBuildPhase section */

/* Begin PBXGroup section */
		5885DF98269DCC810074E34F = {
			isa = PBXGroup;
			children = (
				5885DFA3269DCC810074E34F /* loginInterface */,
				5885DFBA269DCC8F0074E34F /* loginInterfaceTests */,
				5885DFC5269DCC8F0074E34F /* loginInterfaceUITests */,
				5885DFA2269DCC810074E34F /* Products */,
			);
			sourceTree = "<group>";
		};
		5885DFA2269DCC810074E34F /* Products */ = {
			isa = PBXGroup;
			children = (
				5885DFA1269DCC810074E34F /* loginInterface.app */,
				5885DFB7269DCC8F0074E34F /* loginInterfaceTests.xctest */,
				5885DFC2269DCC8F0074E34F /* loginInterfaceUITests.xctest */,
			);
			name = Products;
			sourceTree = "<group>";
		};
		5885DFA3269DCC810074E34F /* loginInterface */ = {
			isa = PBXGroup;
			children = (
				5885DFA4269DCC810074E34F /* AppDelegate.swift */,
				5885DFA6269DCC810074E34F /* SceneDelegate.swift */,
				5885DFA8269DCC810074E34F /* ViewController.swift */,
				5885DFAA269DCC810074E34F /* Main.storyboard */,
				5885DFD426A023B20074E34F /* Locatizable.strings */,
				5885DFAD269DCC8E0074E34F /* Assets.xcassets */,
				5885DFAF269DCC8E0074E34F /* LaunchScreen.storyboard */,
				5885DFB2269DCC8E0074E34F /* Info.plist */,
				582DD62426B01B7F00EF4EF0 /* RegisterHome.swift */,
			);
			path = loginInterface;
			sourceTree = "<group>";
		};
		5885DFBA269DCC8F0074E34F /* loginInterfaceTests */ = {
			isa = PBXGroup;
			children = (
				5885DFBB269DCC8F0074E34F /* loginInterfaceTests.swift */,
				5885DFBD269DCC8F0074E34F /* Info.plist */,
			);
			path = loginInterfaceTests;
			sourceTree = "<group>";
		};
		5885DFC5269DCC8F0074E34F /* loginInterfaceUITests */ = {
			isa = PBXGroup;
			children = (
				5885DFC6269DCC8F0074E34F /* loginInterfaceUITests.swift */,
				5885DFC8269DCC8F0074E34F /* Info.plist */,
			);
			path = loginInterfaceUITests;
			sourceTree = "<group>";
		};
/* End PBXGroup section */

/* Begin PBXNativeTarget section */
		5885DFA0269DCC810074E34F /* loginInterface */ = {
			isa = PBXNativeTarget;
			buildConfigurationList = 5885DFCB269DCC8F0074E34F /* Build configuration list for PBXNativeTarget "loginInterface" */;
			buildPhases = (
				5885DF9D269DCC810074E34F /* Sources */,
				5885DF9E269DCC810074E34F /* Frameworks */,
				5885DF9F269DCC810074E34F /* Resources */,
			);
			buildRules = (
			);
			dependencies = (
			);
			name = loginInterface;
			productName = loginInterface;
			productReference = 5885DFA1269DCC810074E34F /* loginInterface.app */;
			productType = "com.apple.product-type.application";
		};
		5885DFB6269DCC8F0074E34F /* loginInterfaceTests */ = {
			isa = PBXNativeTarget;
			buildConfigurationList = 5885DFCE269DCC8F0074E34F /* Build configuration list for PBXNativeTarget "loginInterfaceTests" */;
			buildPhases = (
				5885DFB3269DCC8F0074E34F /* Sources */,
				5885DFB4269DCC8F0074E34F /* Frameworks */,
				5885DFB5269DCC8F0074E34F /* Resources */,
			);
			buildRules = (
			);
			dependencies = (
				5885DFB9269DCC8F0074E34F /* PBXTargetDependency */,
			);
			name = loginInterfaceTests;
			productName = loginInterfaceTests;
			productReference = 5885DFB7269DCC8F0074E34F /* loginInterfaceTests.xctest */;
			productType = "com.apple.product-type.bundle.unit-test";
		};
		5885DFC1269DCC8F0074E34F /* loginInterfaceUITests */ = {
			isa = PBXNativeTarget;
			buildConfigurationList = 5885DFD1269DCC8F0074E34F /* Build configuration list for PBXNativeTarget "loginInterfaceUITests" */;
			buildPhases = (
				5885DFBE269DCC8F0074E34F /* Sources */,
				5885DFBF269DCC8F0074E34F /* Frameworks */,
				5885DFC0269DCC8F0074E34F /* Resources */,
			);
			buildRules = (
			);
			dependencies = (
				5885DFC4269DCC8F0074E34F /* PBXTargetDependency */,
			);
			name = loginInterfaceUITests;
			productName = loginInterfaceUITests;
			productReference = 5885DFC2269DCC8F0074E34F /* loginInterfaceUITests.xctest */;
			productType = "com.apple.product-type.bundle.ui-testing";
		};
/* End PBXNativeTarget section */

/* Begin PBXProject section */
		5885DF99269DCC810074E34F /* Project object */ = {
			isa = PBXProject;
			attributes = {
				LastSwiftUpdateCheck = 1250;
				LastUpgradeCheck = 1250;
				TargetAttributes = {
					5885DFA0269DCC810074E34F = {
						CreatedOnToolsVersion = 12.5.1;
					};
					5885DFB6269DCC8F0074E34F = {
						CreatedOnToolsVersion = 12.5.1;
						TestTargetID = 5885DFA0269DCC810074E34F;
					};
					5885DFC1269DCC8F0074E34F = {
						CreatedOnToolsVersion = 12.5.1;
						TestTargetID = 5885DFA0269DCC810074E34F;
					};
				};
			};
			buildConfigurationList = 5885DF9C269DCC810074E34F /* Build configuration list for PBXProject "loginInterface" */;
			compatibilityVersion = "Xcode 9.3";
			developmentRegion = en;
			hasScannedForEncodings = 0;
			knownRegions = (
				en,
				Base,
				ar,
			);
			mainGroup = 5885DF98269DCC810074E34F;
			productRefGroup = 5885DFA2269DCC810074E34F /* Products */;
			projectDirPath = "";
			projectRoot = "";
			targets = (
				5885DFA0269DCC810074E34F /* loginInterface */,
				5885DFB6269DCC8F0074E34F /* loginInterfaceTests */,
				5885DFC1269DCC8F0074E34F /* loginInterfaceUITests */,
			);
		};
/* End PBXProject section */

/* Begin PBXResourcesBuildPhase section */
		5885DF9F269DCC810074E34F /* Resources */ = {
			isa = PBXResourcesBuildPhase;
			buildActionMask = 2147483647;
			files = (
				5885DFB1269DCC8E0074E34F /* LaunchScreen.storyboard in Resources */,
				5885DFD526A023B20074E34F /* Locatizable.strings in Resources */,
				5885DFAE269DCC8E0074E34F /* Assets.xcassets in Resources */,
				5885DFAC269DCC810074E34F /* Main.storyboard in Resources */,
			);
			runOnlyForDeploymentPostprocessing = 0;
		};
		5885DFB5269DCC8F0074E34F /* Resources */ = {
			isa = PBXResourcesBuildPhase;
			buildActionMask = 2147483647;
			files = (
			);
			runOnlyForDeploymentPostprocessing = 0;
		};
		5885DFC0269DCC8F0074E34F /* Resources */ = {
			isa = PBXResourcesBuildPhase;
			buildActionMask = 2147483647;
			files = (
			);
			runOnlyForDeploymentPostprocessing = 0;
		};
/* End PBXResourcesBuildPhase section */

/* Begin PBXSourcesBuildPhase section */
		5885DF9D269DCC810074E34F /* Sources */ = {
			isa = PBXSourcesBuildPhase;
			buildActionMask = 2147483647;
			files = (
				5885DFA9269DCC810074E34F /* ViewController.swift in Sources */,
				5885DFA5269DCC810074E34F /* AppDelegate.swift in Sources */,
				5885DFA7269DCC810074E34F /* SceneDelegate.swift in Sources */,
				582DD62526B01B7F00EF4EF0 /* RegisterHome.swift in Sources */,
			);
			runOnlyForDeploymentPostprocessing = 0;
		};
		5885DFB3269DCC8F0074E34F /* Sources */ = {
			isa = PBXSourcesBuildPhase;
			buildActionMask = 2147483647;
			files = (
				5885DFBC269DCC8F0074E34F /* loginInterfaceTests.swift in Sources */,
			);
			runOnlyForDeploymentPostprocessing = 0;
		};
		5885DFBE269DCC8F0074E34F /* Sources */ = {
			isa = PBXSourcesBuildPhase;
			buildActionMask = 2147483647;
			files = (
				5885DFC7269DCC8F0074E34F /* loginInterfaceUITests.swift in Sources */,
			);
			runOnlyForDeploymentPostprocessing = 0;
		};
/* End PBXSourcesBuildPhase section */

/* Begin PBXTargetDependency section */
		5885DFB9269DCC8F0074E34F /* PBXTargetDependency */ = {
			isa = PBXTargetDependency;
			target = 5885DFA0269DCC810074E34F /* loginInterface */;
			targetProxy = 5885DFB8269DCC8F0074E34F /* PBXContainerItemProxy */;
		};
		5885DFC4269DCC8F0074E34F /* PBXTargetDependency */ = {
			isa = PBXTargetDependency;
			target = 5885DFA0269DCC810074E34F /* loginInterface */;
			targetProxy = 5885DFC3269DCC8F0074E34F /* PBXContainerItemProxy */;
		};
/* End PBXTargetDependency section */

/* Begin PBXVariantGroup section */
		5885DFAA269DCC810074E34F /* Main.storyboard */ = {
			isa = PBXVariantGroup;
			children = (
				5885DFAB269DCC810074E34F /* Base */,
				5885DFD626A023FF0074E34F /* ar */,
			);
			name = Main.storyboard;
			sourceTree = "<group>";
		};
		5885DFAF269DCC8E0074E34F /* LaunchScreen.storyboard */ = {
			isa = PBXVariantGroup;
			children = (
				5885DFB0269DCC8E0074E34F /* Base */,
				5885DFD726A023FF0074E34F /* ar */,
			);
			name = LaunchScreen.storyboard;
			sourceTree = "<group>";
		};
/* End PBXVariantGroup section */

/* Begin XCBuildConfiguration section */
		5885DFC9269DCC8F0074E34F /* Debug */ = {
			isa = XCBuildConfiguration;
			buildSettings = {
				ALWAYS_SEARCH_USER_PATHS = NO;
				CLANG_ANALYZER_LOCALIZABILITY_NONLOCALIZED = YES;
				CLANG_ANALYZER_NONNULL = YES;
				CLANG_ANALYZER_NUMBER_OBJECT_CONVERSION = YES_AGGRESSIVE;
				CLANG_CXX_LANGUAGE_STANDARD = "gnu++14";
				CLANG_CXX_LIBRARY = "libc++";
				CLANG_ENABLE_MODULES = YES;
				CLANG_ENABLE_OBJC_ARC = YES;
				CLANG_ENABLE_OBJC_WEAK = YES;
				CLANG_WARN_BLOCK_CAPTURE_AUTORELEASING = YES;
				CLANG_WARN_BOOL_CONVERSION = YES;
				CLANG_WARN_COMMA = YES;
				CLANG_WARN_CONSTANT_CONVERSION = YES;
				CLANG_WARN_DEPRECATED_OBJC_IMPLEMENTATIONS = YES;
				CLANG_WARN_DIRECT_OBJC_ISA_USAGE = YES_ERROR;
				CLANG_WARN_DOCUMENTATION_COMMENTS = YES;
				CLANG_WARN_EMPTY_BODY = YES;
				CLANG_WARN_ENUM_CONVERSION = YES;
				CLANG_WARN_INFINITE_RECURSION = YES;
				CLANG_WARN_INT_CONVERSION = YES;
				CLANG_WARN_NON_LITERAL_NULL_CONVERSION = YES;
				CLANG_WARN_OBJC_IMPLICIT_RETAIN_SELF = YES;
				CLANG_WARN_OBJC_LITERAL_CONVERSION = YES;
				CLANG_WARN_OBJC_ROOT_CLASS = YES_ERROR;
				CLANG_WARN_QUOTED_INCLUDE_IN_FRAMEWORK_HEADER = YES;
				CLANG_WARN_RANGE_LOOP_ANALYSIS = YES;
				CLANG_WARN_STRICT_PROTOTYPES = YES;
				CLANG_WARN_SUSPICIOUS_MOVE = YES;
				CLANG_WARN_UNGUARDED_AVAILABILITY = YES_AGGRESSIVE;
				CLANG_WARN_UNREACHABLE_CODE = YES;
				CLANG_WARN__DUPLICATE_METHOD_MATCH = YES;
				COPY_PHASE_STRIP = NO;
				DEBUG_INFORMATION_FORMAT = dwarf;
				ENABLE_STRICT_OBJC_MSGSEND = YES;
				ENABLE_TESTABILITY = YES;
				GCC_C_LANGUAGE_STANDARD = gnu11;
				GCC_DYNAMIC_NO_PIC = NO;
				GCC_NO_COMMON_BLOCKS = YES;
				GCC_OPTIMIZATION_LEVEL = 0;
				GCC_PREPROCESSOR_DEFINITIONS = (
					"DEBUG=1",
					"$(inherited)",
				);
				GCC_WARN_64_TO_32_BIT_CONVERSION = YES;
				GCC_WARN_ABOUT_RETURN_TYPE = YES_ERROR;
				GCC_WARN_UNDECLARED_SELECTOR = YES;
				GCC_WARN_UNINITIALIZED_AUTOS = YES_AGGRESSIVE;
				GCC_WARN_UNUSED_FUNCTION = YES;
				GCC_WARN_UNUSED_VARIABLE = YES;
				IPHONEOS_DEPLOYMENT_TARGET = 14.5;
				MTL_ENABLE_DEBUG_INFO = INCLUDE_SOURCE;
				MTL_FAST_MATH = YES;
				ONLY_ACTIVE_ARCH = YES;
				SDKROOT = iphoneos;
				SWIFT_ACTIVE_COMPILATION_CONDITIONS = DEBUG;
				SWIFT_OPTIMIZATION_LEVEL = "-Onone";
			};
			name = Debug;
		};
		5885DFCA269DCC8F0074E34F /* Release */ = {
			isa = XCBuildConfiguration;
			buildSettings = {
				ALWAYS_SEARCH_USER_PATHS = NO;
				CLANG_ANALYZER_LOCALIZABILITY_NONLOCALIZED = YES;
				CLANG_ANALYZER_NONNULL = YES;
				CLANG_ANALYZER_NUMBER_OBJECT_CONVERSION = YES_AGGRESSIVE;
				CLANG_CXX_LANGUAGE_STANDARD = "gnu++14";
				CLANG_CXX_LIBRARY = "libc++";
				CLANG_ENABLE_MODULES = YES;
				CLANG_ENABLE_OBJC_ARC = YES;
				CLANG_ENABLE_OBJC_WEAK = YES;
				CLANG_WARN_BLOCK_CAPTURE_AUTORELEASING = YES;
				CLANG_WARN_BOOL_CONVERSION = YES;
				CLANG_WARN_COMMA = YES;
				CLANG_WARN_CONSTANT_CONVERSION = YES;
				CLANG_WARN_DEPRECATED_OBJC_IMPLEMENTATIONS = YES;
				CLANG_WARN_DIRECT_OBJC_ISA_USAGE = YES_ERROR;
				CLANG_WARN_DOCUMENTATION_COMMENTS = YES;
				CLANG_WARN_EMPTY_BODY = YES;
				CLANG_WARN_ENUM_CONVERSION = YES;
				CLANG_WARN_INFINITE_RECURSION = YES;
				CLANG_WARN_INT_CONVERSION = YES;
				CLANG_WARN_NON_LITERAL_NULL_CONVERSION = YES;
				CLANG_WARN_OBJC_IMPLICIT_RETAIN_SELF = YES;
				CLANG_WARN_OBJC_LITERAL_CONVERSION = YES;
				CLANG_WARN_OBJC_ROOT_CLASS = YES_ERROR;
				CLANG_WARN_QUOTED_INCLUDE_IN_FRAMEWORK_HEADER = YES;
				CLANG_WARN_RANGE_LOOP_ANALYSIS = YES;
				CLANG_WARN_STRICT_PROTOTYPES = YES;
				CLANG_WARN_SUSPICIOUS_MOVE = YES;
				CLANG_WARN_UNGUARDED_AVAILABILITY = YES_AGGRESSIVE;
				CLANG_WARN_UNREACHABLE_CODE = YES;
				CLANG_WARN__DUPLICATE_METHOD_MATCH = YES;
				COPY_PHASE_STRIP = NO;
				DEBUG_INFORMATION_FORMAT = "dwarf-with-dsym";
				ENABLE_NS_ASSERTIONS = NO;
				ENABLE_STRICT_OBJC_MSGSEND = YES;
				GCC_C_LANGUAGE_STANDARD = gnu11;
				GCC_NO_COMMON_BLOCKS = YES;
				GCC_WARN_64_TO_32_BIT_CONVERSION = YES;
				GCC_WARN_ABOUT_RETURN_TYPE = YES_ERROR;
				GCC_WARN_UNDECLARED_SELECTOR = YES;
				GCC_WARN_UNINITIALIZED_AUTOS = YES_AGGRESSIVE;
				GCC_WARN_UNUSED_FUNCTION = YES;
				GCC_WARN_UNUSED_VARIABLE = YES;
				IPHONEOS_DEPLOYMENT_TARGET = 14.5;
				MTL_ENABLE_DEBUG_INFO = NO;
				MTL_FAST_MATH = YES;
				SDKROOT = iphoneos;
				SWIFT_COMPILATION_MODE = wholemodule;
				SWIFT_OPTIMIZATION_LEVEL = "-O";
				VALIDATE_PRODUCT = YES;
			};
			name = Release;
		};
		5885DFCC269DCC8F0074E34F /* Debug */ = {
			isa = XCBuildConfiguration;
			buildSettings = {
				ASSETCATALOG_COMPILER_APPICON_NAME = AppIcon;
				ASSETCATALOG_COMPILER_GLOBAL_ACCENT_COLOR_NAME = AccentColor;
				CODE_SIGN_STYLE = Automatic;
				DEVELOPMENT_TEAM = U5SRUX9K3F;
				INFOPLIST_FILE = loginInterface/Info.plist;
				LD_RUNPATH_SEARCH_PATHS = (
					"$(inherited)",
					"@executable_path/Frameworks",
				);
				PRODUCT_BUNDLE_IDENTIFIER = maha.loginInterface;
				PRODUCT_NAME = "$(TARGET_NAME)";
				SWIFT_VERSION = 5.0;
				TARGETED_DEVICE_FAMILY = "1,2";
			};
			name = Debug;
		};
		5885DFCD269DCC8F0074E34F /* Release */ = {
			isa = XCBuildConfiguration;
			buildSettings = {
				ASSETCATALOG_COMPILER_APPICON_NAME = AppIcon;
				ASSETCATALOG_COMPILER_GLOBAL_ACCENT_COLOR_NAME = AccentColor;
				CODE_SIGN_STYLE = Automatic;
				DEVELOPMENT_TEAM = U5SRUX9K3F;
				INFOPLIST_FILE = loginInterface/Info.plist;
				LD_RUNPATH_SEARCH_PATHS = (
					"$(inherited)",
					"@executable_path/Frameworks",
				);
				PRODUCT_BUNDLE_IDENTIFIER = maha.loginInterface;
				PRODUCT_NAME = "$(TARGET_NAME)";
				SWIFT_VERSION = 5.0;
				TARGETED_DEVICE_FAMILY = "1,2";
			};
			name = Release;
		};
		5885DFCF269DCC8F0074E34F /* Debug */ = {
			isa = XCBuildConfiguration;
			buildSettings = {
				ALWAYS_EMBED_SWIFT_STANDARD_LIBRARIES = YES;
				BUNDLE_LOADER = "$(TEST_HOST)";
				CODE_SIGN_STYLE = Automatic;
				DEVELOPMENT_TEAM = U5SRUX9K3F;
				INFOPLIST_FILE = loginInterfaceTests/Info.plist;
				IPHONEOS_DEPLOYMENT_TARGET = 14.5;
				LD_RUNPATH_SEARCH_PATHS = (
					"$(inherited)",
					"@executable_path/Frameworks",
					"@loader_path/Frameworks",
				);
				PRODUCT_BUNDLE_IDENTIFIER = maha.loginInterfaceTests;
				PRODUCT_NAME = "$(TARGET_NAME)";
				SWIFT_VERSION = 5.0;
				TARGETED_DEVICE_FAMILY = "1,2";
				TEST_HOST = "$(BUILT_PRODUCTS_DIR)/loginInterface.app/loginInterface";
			};
			name = Debug;
		};
		5885DFD0269DCC8F0074E34F /* Release */ = {
			isa = XCBuildConfiguration;
			buildSettings = {
				ALWAYS_EMBED_SWIFT_STANDARD_LIBRARIES = YES;
				BUNDLE_LOADER = "$(TEST_HOST)";
				CODE_SIGN_STYLE = Automatic;
				DEVELOPMENT_TEAM = U5SRUX9K3F;
				INFOPLIST_FILE = loginInterfaceTests/Info.plist;
				IPHONEOS_DEPLOYMENT_TARGET = 14.5;
				LD_RUNPATH_SEARCH_PATHS = (
					"$(inherited)",
					"@executable_path/Frameworks",
					"@loader_path/Frameworks",
				);
				PRODUCT_BUNDLE_IDENTIFIER = maha.loginInterfaceTests;
				PRODUCT_NAME = "$(TARGET_NAME)";
				SWIFT_VERSION = 5.0;
				TARGETED_DEVICE_FAMILY = "1,2";
				TEST_HOST = "$(BUILT_PRODUCTS_DIR)/loginInterface.app/loginInterface";
			};
			name = Release;
		};
		5885DFD2269DCC8F0074E34F /* Debug */ = {
			isa = XCBuildConfiguration;
			buildSettings = {
				ALWAYS_EMBED_SWIFT_STANDARD_LIBRARIES = YES;
				CODE_SIGN_STYLE = Automatic;
				DEVELOPMENT_TEAM = U5SRUX9K3F;
				INFOPLIST_FILE = loginInterfaceUITests/Info.plist;
				LD_RUNPATH_SEARCH_PATHS = (
					"$(inherited)",
					"@executable_path/Frameworks",
					"@loader_path/Frameworks",
				);
				PRODUCT_BUNDLE_IDENTIFIER = maha.loginInterfaceUITests;
				PRODUCT_NAME = "$(TARGET_NAME)";
				SWIFT_VERSION = 5.0;
				TARGETED_DEVICE_FAMILY = "1,2";
				TEST_TARGET_NAME = loginInterface;
			};
			name = Debug;
		};
		5885DFD3269DCC8F0074E34F /* Release */ = {
			isa = XCBuildConfiguration;
			buildSettings = {
				ALWAYS_EMBED_SWIFT_STANDARD_LIBRARIES = YES;
				CODE_SIGN_STYLE = Automatic;
				DEVELOPMENT_TEAM = U5SRUX9K3F;
				INFOPLIST_FILE = loginInterfaceUITests/Info.plist;
				LD_RUNPATH_SEARCH_PATHS = (
					"$(inherited)",
					"@executable_path/Frameworks",
					"@loader_path/Frameworks",
				);
				PRODUCT_BUNDLE_IDENTIFIER = maha.loginInterfaceUITests;
				PRODUCT_NAME = "$(TARGET_NAME)";
				SWIFT_VERSION = 5.0;
				TARGETED_DEVICE_FAMILY = "1,2";
				TEST_TARGET_NAME = loginInterface;
			};
			name = Release;
		};
/* End XCBuildConfiguration section */

/* Begin XCConfigurationList section */
		5885DF9C269DCC810074E34F /* Build configuration list for PBXProject "loginInterface" */ = {
			isa = XCConfigurationList;
			buildConfigurations = (
				5885DFC9269DCC8F0074E34F /* Debug */,
				5885DFCA269DCC8F0074E34F /* Release */,
			);
			defaultConfigurationIsVisible = 0;
			defaultConfigurationName = Release;
		};
		5885DFCB269DCC8F0074E34F /* Build configuration list for PBXNativeTarget "loginInterface" */ = {
			isa = XCConfigurationList;
			buildConfigurations = (
				5885DFCC269DCC8F0074E34F /* Debug */,
				5885DFCD269DCC8F0074E34F /* Release */,
			);
			defaultConfigurationIsVisible = 0;
			defaultConfigurationName = Release;
		};
		5885DFCE269DCC8F0074E34F /* Build configuration list for PBXNativeTarget "loginInterfaceTests" */ = {
			isa = XCConfigurationList;
			buildConfigurations = (
				5885DFCF269DCC8F0074E34F /* Debug */,
				5885DFD0269DCC8F0074E34F /* Release */,
			);
			defaultConfigurationIsVisible = 0;
			defaultConfigurationName = Release;
		};
		5885DFD1269DCC8F0074E34F /* Build configuration list for PBXNativeTarget "loginInterfaceUITests" */ = {
			isa = XCConfigurationList;
			buildConfigurations = (
				5885DFD2269DCC8F0074E34F /* Debug */,
				5885DFD3269DCC8F0074E34F /* Release */,
			);
			defaultConfigurationIsVisible = 0;
			defaultConfigurationName = Release;
		};
/* End XCConfigurationList section */
	};
	rootObject = 5885DF99269DCC810074E34F /* Project object */;
}
